
Microsoft Visual Studio Solution File, Format Version 12.00
# Visual Studio Version 17
VisualStudioVersion = 17.1.32210.238
MinimumVisualStudioVersion = 10.0.40219.1
Project("{FAE04EC0-301F-11D3-BF4B-00C04F79EFBC}") = "16.04.22-2", "16.04.22-2\16.04.22-2.csproj", "{8BD9A25A-D821-4D84-A783-95FF3F9EB5A1}"
EndProject
Global
	GlobalSection(SolutionConfigurationPlatforms) = preSolution
		Debug|Any CPU = Debug|Any CPU
		Release|Any CPU = Release|Any CPU
	EndGlobalSection
	GlobalSection(ProjectConfigurationPlatforms) = postSolution
		{8BD9A25A-D821-4D84-A783-95FF3F9EB5A1}.Debug|Any CPU.ActiveCfg = Debug|Any CPU
		{8BD9A25A-D821-4D84-A783-95FF3F9EB5A1}.Debug|Any CPU.Build.0 = Debug|Any CPU
		{8BD9A25A-D821-4D84-A783-95FF3F9EB5A1}.Release|Any CPU.ActiveCfg = Release|Any CPU
		{8BD9A25A-D821-4D84-A783-95FF3F9EB5A1}.Release|Any CPU.Build.0 = Release|Any CPU
	EndGlobalSection
	GlobalSection(SolutionProperties) = preSolution
		HideSolutionNode = FALSE
	EndGlobalSection
	GlobalSection(ExtensibilityGlobals) = postSolution
		SolutionGuid = {ADB3EB7E-EBD4-49F7-91A2-E8A6841E5744}
	EndGlobalSection
EndGlobal
